
Microsoft Visual Studio Solution File, Format Version 12.00
# Visual Studio Version 17
VisualStudioVersion = 17.5.33106.23
MinimumVisualStudioVersion = 15.0.26124.0
Project("{9A19103F-16F7-4668-BE54-9A1E7A4F7556}") = "adventofcode2020", "adventofcode2020\adventofcode2020.csproj", "{0E9CC9FC-AB4F-4E6C-BC27-36E9DB772DD1}"
EndProject
Project("{9A19103F-16F7-4668-BE54-9A1E7A4F7556}") = "adventofcode2022", "adventofcode2022\adventofcode2022.csproj", "{A6BDF941-FA17-4F1C-AF8A-C49FCDC51806}"
EndProject
Project("{9A19103F-16F7-4668-BE54-9A1E7A4F7556}") = "adventofcode2022.tests", "adventofcode2022.tests\adventofcode2022.tests.csproj", "{AEA5DE71-1DC7-46FA-AB2A-1D09EC1CF877}"
EndProject
Project("{9A19103F-16F7-4668-BE54-9A1E7A4F7556}") = "adventofcode.util", "adventofcode.util\adventofcode.util.csproj", "{A84405C0-11FE-4DCE-BC64-1287252A069F}"
EndProject
Project("{9A19103F-16F7-4668-BE54-9A1E7A4F7556}") = "adventofcode2023", "adventofcode2023\adventofcode2023.csproj", "{34274E18-D60B-4AC3-8CF5-7A6B79008530}"
EndProject
Project("{FAE04EC0-301F-11D3-BF4B-00C04F79EFBC}") = "adventofcode2023.tests", "adventofcode2023.tests\adventofcode2023.tests.csproj", "{0FF8882F-7F67-4B3D-8925-9B527D425CF6}"
EndProject
Global
	GlobalSection(SolutionConfigurationPlatforms) = preSolution
		Debug|Any CPU = Debug|Any CPU
		Debug|x64 = Debug|x64
		Debug|x86 = Debug|x86
		Release|Any CPU = Release|Any CPU
		Release|x64 = Release|x64
		Release|x86 = Release|x86
	EndGlobalSection
	GlobalSection(ProjectConfigurationPlatforms) = postSolution
		{0E9CC9FC-AB4F-4E6C-BC27-36E9DB772DD1}.Debug|Any CPU.ActiveCfg = Debug|Any CPU
		{0E9CC9FC-AB4F-4E6C-BC27-36E9DB772DD1}.Debug|Any CPU.Build.0 = Debug|Any CPU
		{0E9CC9FC-AB4F-4E6C-BC27-36E9DB772DD1}.Debug|x64.ActiveCfg = Debug|Any CPU
		{0E9CC9FC-AB4F-4E6C-BC27-36E9DB772DD1}.Debug|x64.Build.0 = Debug|Any CPU
		{0E9CC9FC-AB4F-4E6C-BC27-36E9DB772DD1}.Debug|x86.ActiveCfg = Debug|Any CPU
		{0E9CC9FC-AB4F-4E6C-BC27-36E9DB772DD1}.Debug|x86.Build.0 = Debug|Any CPU
		{0E9CC9FC-AB4F-4E6C-BC27-36E9DB772DD1}.Release|Any CPU.ActiveCfg = Release|Any CPU
		{0E9CC9FC-AB4F-4E6C-BC27-36E9DB772DD1}.Release|Any CPU.Build.0 = Release|Any CPU
		{0E9CC9FC-AB4F-4E6C-BC27-36E9DB772DD1}.Release|x64.ActiveCfg = Release|Any CPU
		{0E9CC9FC-AB4F-4E6C-BC27-36E9DB772DD1}.Release|x64.Build.0 = Release|Any CPU
		{0E9CC9FC-AB4F-4E6C-BC27-36E9DB772DD1}.Release|x86.ActiveCfg = Release|Any CPU
		{0E9CC9FC-AB4F-4E6C-BC27-36E9DB772DD1}.Release|x86.Build.0 = Release|Any CPU
		{A6BDF941-FA17-4F1C-AF8A-C49FCDC51806}.Debug|Any CPU.ActiveCfg = Debug|Any CPU
		{A6BDF941-FA17-4F1C-AF8A-C49FCDC51806}.Debug|Any CPU.Build.0 = Debug|Any CPU
		{A6BDF941-FA17-4F1C-AF8A-C49FCDC51806}.Debug|x64.ActiveCfg = Debug|Any CPU
		{A6BDF941-FA17-4F1C-AF8A-C49FCDC51806}.Debug|x64.Build.0 = Debug|Any CPU
		{A6BDF941-FA17-4F1C-AF8A-C49FCDC51806}.Debug|x86.ActiveCfg = Debug|Any CPU
		{A6BDF941-FA17-4F1C-AF8A-C49FCDC51806}.Debug|x86.Build.0 = Debug|Any CPU
		{A6BDF941-FA17-4F1C-AF8A-C49FCDC51806}.Release|Any CPU.ActiveCfg = Release|Any CPU
		{A6BDF941-FA17-4F1C-AF8A-C49FCDC51806}.Release|Any CPU.Build.0 = Release|Any CPU
		{A6BDF941-FA17-4F1C-AF8A-C49FCDC51806}.Release|x64.ActiveCfg = Release|Any CPU
		{A6BDF941-FA17-4F1C-AF8A-C49FCDC51806}.Release|x64.Build.0 = Release|Any CPU
		{A6BDF941-FA17-4F1C-AF8A-C49FCDC51806}.Release|x86.ActiveCfg = Release|Any CPU
		{A6BDF941-FA17-4F1C-AF8A-C49FCDC51806}.Release|x86.Build.0 = Release|Any CPU
		{AEA5DE71-1DC7-46FA-AB2A-1D09EC1CF877}.Debug|Any CPU.ActiveCfg = Debug|Any CPU
		{AEA5DE71-1DC7-46FA-AB2A-1D09EC1CF877}.Debug|Any CPU.Build.0 = Debug|Any CPU
		{AEA5DE71-1DC7-46FA-AB2A-1D09EC1CF877}.Debug|x64.ActiveCfg = Debug|Any CPU
		{AEA5DE71-1DC7-46FA-AB2A-1D09EC1CF877}.Debug|x64.Build.0 = Debug|Any CPU
		{AEA5DE71-1DC7-46FA-AB2A-1D09EC1CF877}.Debug|x86.ActiveCfg = Debug|Any CPU
		{AEA5DE71-1DC7-46FA-AB2A-1D09EC1CF877}.Debug|x86.Build.0 = Debug|Any CPU
		{AEA5DE71-1DC7-46FA-AB2A-1D09EC1CF877}.Release|Any CPU.ActiveCfg = Release|Any CPU
		{AEA5DE71-1DC7-46FA-AB2A-1D09EC1CF877}.Release|Any CPU.Build.0 = Release|Any CPU
		{AEA5DE71-1DC7-46FA-AB2A-1D09EC1CF877}.Release|x64.ActiveCfg = Release|Any CPU
		{AEA5DE71-1DC7-46FA-AB2A-1D09EC1CF877}.Release|x64.Build.0 = Release|Any CPU
		{AEA5DE71-1DC7-46FA-AB2A-1D09EC1CF877}.Release|x86.ActiveCfg = Release|Any CPU
		{AEA5DE71-1DC7-46FA-AB2A-1D09EC1CF877}.Release|x86.Build.0 = Release|Any CPU
		{A84405C0-11FE-4DCE-BC64-1287252A069F}.Debug|Any CPU.ActiveCfg = Debug|Any CPU
		{A84405C0-11FE-4DCE-BC64-1287252A069F}.Debug|Any CPU.Build.0 = Debug|Any CPU
		{A84405C0-11FE-4DCE-BC64-1287252A069F}.Debug|x64.ActiveCfg = Debug|Any CPU
		{A84405C0-11FE-4DCE-BC64-1287252A069F}.Debug|x64.Build.0 = Debug|Any CPU
		{A84405C0-11FE-4DCE-BC64-1287252A069F}.Debug|x86.ActiveCfg = Debug|Any CPU
		{A84405C0-11FE-4DCE-BC64-1287252A069F}.Debug|x86.Build.0 = Debug|Any CPU
		{A84405C0-11FE-4DCE-BC64-1287252A069F}.Release|Any CPU.ActiveCfg = Release|Any CPU
		{A84405C0-11FE-4DCE-BC64-1287252A069F}.Release|Any CPU.Build.0 = Release|Any CPU
		{A84405C0-11FE-4DCE-BC64-1287252A069F}.Release|x64.ActiveCfg = Release|Any CPU
		{A84405C0-11FE-4DCE-BC64-1287252A069F}.Release|x64.Build.0 = Release|Any CPU
		{A84405C0-11FE-4DCE-BC64-1287252A069F}.Release|x86.ActiveCfg = Release|Any CPU
		{A84405C0-11FE-4DCE-BC64-1287252A069F}.Release|x86.Build.0 = Release|Any CPU
		{34274E18-D60B-4AC3-8CF5-7A6B79008530}.Debug|Any CPU.ActiveCfg = Debug|Any CPU
		{34274E18-D60B-4AC3-8CF5-7A6B79008530}.Debug|Any CPU.Build.0 = Debug|Any CPU
		{34274E18-D60B-4AC3-8CF5-7A6B79008530}.Debug|x64.ActiveCfg = Debug|Any CPU
		{34274E18-D60B-4AC3-8CF5-7A6B79008530}.Debug|x64.Build.0 = Debug|Any CPU
		{34274E18-D60B-4AC3-8CF5-7A6B79008530}.Debug|x86.ActiveCfg = Debug|Any CPU
		{34274E18-D60B-4AC3-8CF5-7A6B79008530}.Debug|x86.Build.0 = Debug|Any CPU
		{34274E18-D60B-4AC3-8CF5-7A6B79008530}.Release|Any CPU.ActiveCfg = Release|Any CPU
		{34274E18-D60B-4AC3-8CF5-7A6B79008530}.Release|Any CPU.Build.0 = Release|Any CPU
		{34274E18-D60B-4AC3-8CF5-7A6B79008530}.Release|x64.ActiveCfg = Release|Any CPU
		{34274E18-D60B-4AC3-8CF5-7A6B79008530}.Release|x64.Build.0 = Release|Any CPU
		{34274E18-D60B-4AC3-8CF5-7A6B79008530}.Release|x86.ActiveCfg = Release|Any CPU
		{34274E18-D60B-4AC3-8CF5-7A6B79008530}.Release|x86.Build.0 = Release|Any CPU
		{0FF8882F-7F67-4B3D-8925-9B527D425CF6}.Debug|Any CPU.ActiveCfg = Debug|Any CPU
		{0FF8882F-7F67-4B3D-8925-9B527D425CF6}.Debug|Any CPU.Build.0 = Debug|Any CPU
		{0FF8882F-7F67-4B3D-8925-9B527D425CF6}.Debug|x64.ActiveCfg = Debug|Any CPU
		{0FF8882F-7F67-4B3D-8925-9B527D425CF6}.Debug|x64.Build.0 = Debug|Any CPU
		{0FF8882F-7F67-4B3D-8925-9B527D425CF6}.Debug|x86.ActiveCfg = Debug|Any CPU
		{0FF8882F-7F67-4B3D-8925-9B527D425CF6}.Debug|x86.Build.0 = Debug|Any CPU
		{0FF8882F-7F67-4B3D-8925-9B527D425CF6}.Release|Any CPU.ActiveCfg = Release|Any CPU
		{0FF8882F-7F67-4B3D-8925-9B527D425CF6}.Release|Any CPU.Build.0 = Release|Any CPU
		{0FF8882F-7F67-4B3D-8925-9B527D425CF6}.Release|x64.ActiveCfg = Release|Any CPU
		{0FF8882F-7F67-4B3D-8925-9B527D425CF6}.Release|x64.Build.0 = Release|Any CPU
		{0FF8882F-7F67-4B3D-8925-9B527D425CF6}.Release|x86.ActiveCfg = Release|Any CPU
		{0FF8882F-7F67-4B3D-8925-9B527D425CF6}.Release|x86.Build.0 = Release|Any CPU
	EndGlobalSection
	GlobalSection(SolutionProperties) = preSolution
		HideSolutionNode = FALSE
	EndGlobalSection
	GlobalSection(ExtensibilityGlobals) = postSolution
		SolutionGuid = {A3B65CD1-B0F0-4554-8C8E-E9A092A001B5}
	EndGlobalSection
EndGlobal
